
Microsoft Visual Studio Solution File, Format Version 12.00
# Visual Studio Version 17
VisualStudioVersion = 17.8.34322.80
MinimumVisualStudioVersion = 10.0.40219.1
Project("{FAE04EC0-301F-11D3-BF4B-00C04F79EFBC}") = "iscas_lune_api", "iscas_lune_api\iscas_lune_api.csproj", "{433E6EAF-020E-4AC0-83EE-9481E162882C}"
EndProject
Global
	GlobalSection(SolutionConfigurationPlatforms) = preSolution
		Debug|Any CPU = Debug|Any CPU
		Release|Any CPU = Release|Any CPU
	EndGlobalSection
	GlobalSection(ProjectConfigurationPlatforms) = postSolution
		{433E6EAF-020E-4AC0-83EE-9481E162882C}.Debug|Any CPU.ActiveCfg = Debug|Any CPU
		{433E6EAF-020E-4AC0-83EE-9481E162882C}.Debug|Any CPU.Build.0 = Debug|Any CPU
		{433E6EAF-020E-4AC0-83EE-9481E162882C}.Release|Any CPU.ActiveCfg = Release|Any CPU
		{433E6EAF-020E-4AC0-83EE-9481E162882C}.Release|Any CPU.Build.0 = Release|Any CPU
	EndGlobalSection
	GlobalSection(SolutionProperties) = preSolution
		HideSolutionNode = FALSE
	EndGlobalSection
	GlobalSection(ExtensibilityGlobals) = postSolution
		SolutionGuid = {4E2B1ED3-9D2E-4DE0-8A94-918783DB3203}
	EndGlobalSection
EndGlobal
